// !$*UTF8*$!
{
	archiveVersion = 1;
	classes = {
	};
	objectVersion = 56;
	objects = {

/* Begin PBXBuildFile section */
		8AD9D32C2BE6252300D0CEE6 /* CustomInputField.swift in Sources */ = {isa = PBXBuildFile; fileRef = 8AD9D32B2BE6252300D0CEE6 /* CustomInputField.swift */; };
		8AD9D32E2BE638FA00D0CEE6 /* AuthManager.swift in Sources */ = {isa = PBXBuildFile; fileRef = 8AD9D32D2BE638F900D0CEE6 /* AuthManager.swift */; };
		8AD9D3312BE642B600D0CEE6 /* AuthServiceProtocol.swift in Sources */ = {isa = PBXBuildFile; fileRef = 8AD9D3302BE642B600D0CEE6 /* AuthServiceProtocol.swift */; };
		8AD9D3332BE6439600D0CEE6 /* AuthService.swift in Sources */ = {isa = PBXBuildFile; fileRef = 8AD9D3322BE6439600D0CEE6 /* AuthService.swift */; };
		8AD9D3352BE643A000D0CEE6 /* MockAuthService.swift in Sources */ = {isa = PBXBuildFile; fileRef = 8AD9D3342BE643A000D0CEE6 /* MockAuthService.swift */; };
		8AD9D3372BE65ECD00D0CEE6 /* User.swift in Sources */ = {isa = PBXBuildFile; fileRef = 8AD9D3362BE65ECD00D0CEE6 /* User.swift */; };
		8AD9D33C2BE69ED600D0CEE6 /* SideMenuView.swift in Sources */ = {isa = PBXBuildFile; fileRef = 8AD9D33B2BE69ED600D0CEE6 /* SideMenuView.swift */; };
		8AD9D33E2BE6ADCA00D0CEE6 /* SideMenuOptionViewModel.swift in Sources */ = {isa = PBXBuildFile; fileRef = 8AD9D33D2BE6ADCA00D0CEE6 /* SideMenuOptionViewModel.swift */; };
		8AD9D3402BE6AE9E00D0CEE6 /* SideMenuOptionView.swift in Sources */ = {isa = PBXBuildFile; fileRef = 8AD9D33F2BE6AE9E00D0CEE6 /* SideMenuOptionView.swift */; };
		8AD9D3452BE7B07600D0CEE6 /* SettingsView.swift in Sources */ = {isa = PBXBuildFile; fileRef = 8AD9D3442BE7B07600D0CEE6 /* SettingsView.swift */; };
		8AD9D3472BE7B87500D0CEE6 /* SavedLocationRoad.swift in Sources */ = {isa = PBXBuildFile; fileRef = 8AD9D3462BE7B87500D0CEE6 /* SavedLocationRoad.swift */; };
		8AD9D3492BE7B9E200D0CEE6 /* SettingsRow.swift in Sources */ = {isa = PBXBuildFile; fileRef = 8AD9D3482BE7B9E200D0CEE6 /* SettingsRow.swift */; };
		8AD9D34B2BE7D1D400D0CEE6 /* SavedLocationViewModel.swift in Sources */ = {isa = PBXBuildFile; fileRef = 8AD9D34A2BE7D1D400D0CEE6 /* SavedLocationViewModel.swift */; };
		8AD9D34D2BE7DD6C00D0CEE6 /* SavedLocationSearchView.swift in Sources */ = {isa = PBXBuildFile; fileRef = 8AD9D34C2BE7DD6C00D0CEE6 /* SavedLocationSearchView.swift */; };
		8AD9D3512BE7E69B00D0CEE6 /* LocationSearchResults.swift in Sources */ = {isa = PBXBuildFile; fileRef = 8AD9D3502BE7E69B00D0CEE6 /* LocationSearchResults.swift */; };
		8AD9D3532BE7EA7200D0CEE6 /* SavedLocation.swift in Sources */ = {isa = PBXBuildFile; fileRef = 8AD9D3522BE7EA7200D0CEE6 /* SavedLocation.swift */; };
		8ADF1AB62BE2652500F0C67F /* HomeView.swift in Sources */ = {isa = PBXBuildFile; fileRef = 8ADF1AB52BE2652500F0C67F /* HomeView.swift */; };
		8ADF1AB82BE265F100F0C67F /* UberMapViewRepresentable.swift in Sources */ = {isa = PBXBuildFile; fileRef = 8ADF1AB72BE265F100F0C67F /* UberMapViewRepresentable.swift */; };
		8ADF1ABC2BE267B000F0C67F /* LocationManager.swift in Sources */ = {isa = PBXBuildFile; fileRef = 8ADF1ABB2BE267B000F0C67F /* LocationManager.swift */; };
		8ADF1AC22BE2704700F0C67F /* LocationSearchActivationView.swift in Sources */ = {isa = PBXBuildFile; fileRef = 8ADF1AC12BE2704700F0C67F /* LocationSearchActivationView.swift */; };
		8ADF1AC42BE276A500F0C67F /* MapViewActionButton.swift in Sources */ = {isa = PBXBuildFile; fileRef = 8ADF1AC32BE276A500F0C67F /* MapViewActionButton.swift */; };
		8ADF1AC62BE2779E00F0C67F /* LocationSearchView.swift in Sources */ = {isa = PBXBuildFile; fileRef = 8ADF1AC52BE2779E00F0C67F /* LocationSearchView.swift */; };
		8ADF1AC82BE28B3300F0C67F /* LocationSearchResultCell.swift in Sources */ = {isa = PBXBuildFile; fileRef = 8ADF1AC72BE28B3300F0C67F /* LocationSearchResultCell.swift */; };
		8ADF1ACA2BE2C22600F0C67F /* LocationSearchViewModel.swift in Sources */ = {isa = PBXBuildFile; fileRef = 8ADF1AC92BE2C22600F0C67F /* LocationSearchViewModel.swift */; };
		8ADF1ACC2BE3D62D00F0C67F /* MapViewState.swift in Sources */ = {isa = PBXBuildFile; fileRef = 8ADF1ACB2BE3D62D00F0C67F /* MapViewState.swift */; };
		8ADF1ACF2BE409A800F0C67F /* RideRequestView.swift in Sources */ = {isa = PBXBuildFile; fileRef = 8ADF1ACE2BE409A800F0C67F /* RideRequestView.swift */; };
		8ADF1AD12BE4E6B200F0C67F /* RideType.swift in Sources */ = {isa = PBXBuildFile; fileRef = 8ADF1AD02BE4E6B200F0C67F /* RideType.swift */; };
		8ADF1AD42BE5143400F0C67F /* Double.swift in Sources */ = {isa = PBXBuildFile; fileRef = 8ADF1AD32BE5143400F0C67F /* Double.swift */; };
		8ADF1AD62BE51C7400F0C67F /* UberLocation.swift in Sources */ = {isa = PBXBuildFile; fileRef = 8ADF1AD52BE51C7400F0C67F /* UberLocation.swift */; };
		8ADF1AD82BE52D4D00F0C67F /* Color.swift in Sources */ = {isa = PBXBuildFile; fileRef = 8ADF1AD72BE52D4D00F0C67F /* Color.swift */; };
		8ADF1ADD2BE539B600F0C67F /* LoginView.swift in Sources */ = {isa = PBXBuildFile; fileRef = 8ADF1ADC2BE539B600F0C67F /* LoginView.swift */; };
		8ADF1ADF2BE539C200F0C67F /* RegistrationView.swift in Sources */ = {isa = PBXBuildFile; fileRef = 8ADF1ADE2BE539C200F0C67F /* RegistrationView.swift */; };
		8AE46AB52BDCF8C1004A2F0F /* UberSwiftUICloneApp.swift in Sources */ = {isa = PBXBuildFile; fileRef = 8AE46AB42BDCF8C1004A2F0F /* UberSwiftUICloneApp.swift */; };
		8AE46AB92BDCF8C3004A2F0F /* Assets.xcassets in Resources */ = {isa = PBXBuildFile; fileRef = 8AE46AB82BDCF8C3004A2F0F /* Assets.xcassets */; };
		8AE46ABC2BDCF8C3004A2F0F /* Preview Assets.xcassets in Resources */ = {isa = PBXBuildFile; fileRef = 8AE46ABB2BDCF8C3004A2F0F /* Preview Assets.xcassets */; };
		8AE46AC32BDCF9B5004A2F0F /* GoogleService-Info.plist in Resources */ = {isa = PBXBuildFile; fileRef = 8AE46AC22BDCF9B5004A2F0F /* GoogleService-Info.plist */; };
/* End PBXBuildFile section */

/* Begin PBXFileReference section */
		8AD9D32B2BE6252300D0CEE6 /* CustomInputField.swift */ = {isa = PBXFileReference; lastKnownFileType = sourcecode.swift; path = CustomInputField.swift; sourceTree = "<group>"; };
		8AD9D32D2BE638F900D0CEE6 /* AuthManager.swift */ = {isa = PBXFileReference; lastKnownFileType = sourcecode.swift; path = AuthManager.swift; sourceTree = "<group>"; };
		8AD9D3302BE642B600D0CEE6 /* AuthServiceProtocol.swift */ = {isa = PBXFileReference; lastKnownFileType = sourcecode.swift; path = AuthServiceProtocol.swift; sourceTree = "<group>"; };
		8AD9D3322BE6439600D0CEE6 /* AuthService.swift */ = {isa = PBXFileReference; lastKnownFileType = sourcecode.swift; path = AuthService.swift; sourceTree = "<group>"; };
		8AD9D3342BE643A000D0CEE6 /* MockAuthService.swift */ = {isa = PBXFileReference; lastKnownFileType = sourcecode.swift; path = MockAuthService.swift; sourceTree = "<group>"; };
		8AD9D3362BE65ECD00D0CEE6 /* User.swift */ = {isa = PBXFileReference; lastKnownFileType = sourcecode.swift; path = User.swift; sourceTree = "<group>"; };
		8AD9D33B2BE69ED600D0CEE6 /* SideMenuView.swift */ = {isa = PBXFileReference; lastKnownFileType = sourcecode.swift; path = SideMenuView.swift; sourceTree = "<group>"; };
		8AD9D33D2BE6ADCA00D0CEE6 /* SideMenuOptionViewModel.swift */ = {isa = PBXFileReference; lastKnownFileType = sourcecode.swift; path = SideMenuOptionViewModel.swift; sourceTree = "<group>"; };
		8AD9D33F2BE6AE9E00D0CEE6 /* SideMenuOptionView.swift */ = {isa = PBXFileReference; lastKnownFileType = sourcecode.swift; path = SideMenuOptionView.swift; sourceTree = "<group>"; };
		8AD9D3442BE7B07600D0CEE6 /* SettingsView.swift */ = {isa = PBXFileReference; lastKnownFileType = sourcecode.swift; path = SettingsView.swift; sourceTree = "<group>"; };
		8AD9D3462BE7B87500D0CEE6 /* SavedLocationRoad.swift */ = {isa = PBXFileReference; lastKnownFileType = sourcecode.swift; path = SavedLocationRoad.swift; sourceTree = "<group>"; };
		8AD9D3482BE7B9E200D0CEE6 /* SettingsRow.swift */ = {isa = PBXFileReference; lastKnownFileType = sourcecode.swift; path = SettingsRow.swift; sourceTree = "<group>"; };
		8AD9D34A2BE7D1D400D0CEE6 /* SavedLocationViewModel.swift */ = {isa = PBXFileReference; lastKnownFileType = sourcecode.swift; path = SavedLocationViewModel.swift; sourceTree = "<group>"; };
		8AD9D34C2BE7DD6C00D0CEE6 /* SavedLocationSearchView.swift */ = {isa = PBXFileReference; lastKnownFileType = sourcecode.swift; path = SavedLocationSearchView.swift; sourceTree = "<group>"; };
		8AD9D3502BE7E69B00D0CEE6 /* LocationSearchResults.swift */ = {isa = PBXFileReference; lastKnownFileType = sourcecode.swift; path = LocationSearchResults.swift; sourceTree = "<group>"; };
		8AD9D3522BE7EA7200D0CEE6 /* SavedLocation.swift */ = {isa = PBXFileReference; lastKnownFileType = sourcecode.swift; path = SavedLocation.swift; sourceTree = "<group>"; };
		8ADF1AB52BE2652500F0C67F /* HomeView.swift */ = {isa = PBXFileReference; lastKnownFileType = sourcecode.swift; path = HomeView.swift; sourceTree = "<group>"; };
		8ADF1AB72BE265F100F0C67F /* UberMapViewRepresentable.swift */ = {isa = PBXFileReference; lastKnownFileType = sourcecode.swift; path = UberMapViewRepresentable.swift; sourceTree = "<group>"; };
		8ADF1ABB2BE267B000F0C67F /* LocationManager.swift */ = {isa = PBXFileReference; lastKnownFileType = sourcecode.swift; path = LocationManager.swift; sourceTree = "<group>"; };
		8ADF1AC12BE2704700F0C67F /* LocationSearchActivationView.swift */ = {isa = PBXFileReference; lastKnownFileType = sourcecode.swift; path = LocationSearchActivationView.swift; sourceTree = "<group>"; };
		8ADF1AC32BE276A500F0C67F /* MapViewActionButton.swift */ = {isa = PBXFileReference; lastKnownFileType = sourcecode.swift; path = MapViewActionButton.swift; sourceTree = "<group>"; };
		8ADF1AC52BE2779E00F0C67F /* LocationSearchView.swift */ = {isa = PBXFileReference; lastKnownFileType = sourcecode.swift; path = LocationSearchView.swift; sourceTree = "<group>"; };
		8ADF1AC72BE28B3300F0C67F /* LocationSearchResultCell.swift */ = {isa = PBXFileReference; lastKnownFileType = sourcecode.swift; path = LocationSearchResultCell.swift; sourceTree = "<group>"; };
		8ADF1AC92BE2C22600F0C67F /* LocationSearchViewModel.swift */ = {isa = PBXFileReference; lastKnownFileType = sourcecode.swift; path = LocationSearchViewModel.swift; sourceTree = "<group>"; };
		8ADF1ACB2BE3D62D00F0C67F /* MapViewState.swift */ = {isa = PBXFileReference; lastKnownFileType = sourcecode.swift; path = MapViewState.swift; sourceTree = "<group>"; };
		8ADF1ACE2BE409A800F0C67F /* RideRequestView.swift */ = {isa = PBXFileReference; lastKnownFileType = sourcecode.swift; path = RideRequestView.swift; sourceTree = "<group>"; };
		8ADF1AD02BE4E6B200F0C67F /* RideType.swift */ = {isa = PBXFileReference; lastKnownFileType = sourcecode.swift; path = RideType.swift; sourceTree = "<group>"; };
		8ADF1AD32BE5143400F0C67F /* Double.swift */ = {isa = PBXFileReference; lastKnownFileType = sourcecode.swift; path = Double.swift; sourceTree = "<group>"; };
		8ADF1AD52BE51C7400F0C67F /* UberLocation.swift */ = {isa = PBXFileReference; lastKnownFileType = sourcecode.swift; path = UberLocation.swift; sourceTree = "<group>"; };
		8ADF1AD72BE52D4D00F0C67F /* Color.swift */ = {isa = PBXFileReference; lastKnownFileType = sourcecode.swift; path = Color.swift; sourceTree = "<group>"; };
		8ADF1ADC2BE539B600F0C67F /* LoginView.swift */ = {isa = PBXFileReference; lastKnownFileType = sourcecode.swift; path = LoginView.swift; sourceTree = "<group>"; };
		8ADF1ADE2BE539C200F0C67F /* RegistrationView.swift */ = {isa = PBXFileReference; lastKnownFileType = sourcecode.swift; path = RegistrationView.swift; sourceTree = "<group>"; };
		8AE46AB12BDCF8C1004A2F0F /* UberSwiftUIClone.app */ = {isa = PBXFileReference; explicitFileType = wrapper.application; includeInIndex = 0; path = UberSwiftUIClone.app; sourceTree = BUILT_PRODUCTS_DIR; };
		8AE46AB42BDCF8C1004A2F0F /* UberSwiftUICloneApp.swift */ = {isa = PBXFileReference; lastKnownFileType = sourcecode.swift; path = UberSwiftUICloneApp.swift; sourceTree = "<group>"; };
		8AE46AB82BDCF8C3004A2F0F /* Assets.xcassets */ = {isa = PBXFileReference; lastKnownFileType = folder.assetcatalog; path = Assets.xcassets; sourceTree = "<group>"; };
		8AE46ABB2BDCF8C3004A2F0F /* Preview Assets.xcassets */ = {isa = PBXFileReference; lastKnownFileType = folder.assetcatalog; path = "Preview Assets.xcassets"; sourceTree = "<group>"; };
		8AE46AC22BDCF9B5004A2F0F /* GoogleService-Info.plist */ = {isa = PBXFileReference; fileEncoding = 4; lastKnownFileType = text.plist.xml; path = "GoogleService-Info.plist"; sourceTree = "<group>"; };
/* End PBXFileReference section */

/* Begin PBXFrameworksBuildPhase section */
		8AE46AAE2BDCF8C1004A2F0F /* Frameworks */ = {
			isa = PBXFrameworksBuildPhase;
			buildActionMask = 2147483647;
			files = (
			);
			runOnlyForDeploymentPostprocessing = 0;
		};
/* End PBXFrameworksBuildPhase section */

/* Begin PBXGroup section */
		8AD9D32A2BE624F600D0CEE6 /* Reusable Items */ = {
			isa = PBXGroup;
			children = (
				8AD9D32B2BE6252300D0CEE6 /* CustomInputField.swift */,
				8AD9D3462BE7B87500D0CEE6 /* SavedLocationRoad.swift */,
				8AD9D3482BE7B9E200D0CEE6 /* SettingsRow.swift */,
				8AD9D3502BE7E69B00D0CEE6 /* LocationSearchResults.swift */,
			);
			path = "Reusable Items";
			sourceTree = "<group>";
		};
		8AD9D32F2BE6429C00D0CEE6 /* Services */ = {
			isa = PBXGroup;
			children = (
				8AD9D3302BE642B600D0CEE6 /* AuthServiceProtocol.swift */,
				8AD9D3322BE6439600D0CEE6 /* AuthService.swift */,
				8AD9D3342BE643A000D0CEE6 /* MockAuthService.swift */,
			);
			path = Services;
			sourceTree = "<group>";
		};
		8AD9D3382BE69EA300D0CEE6 /* SideMenu */ = {
			isa = PBXGroup;
			children = (
				8AD9D3392BE69EAC00D0CEE6 /* ViewModel */,
				8AD9D33A2BE69EB300D0CEE6 /* Views */,
			);
			path = SideMenu;
			sourceTree = "<group>";
		};
		8AD9D3392BE69EAC00D0CEE6 /* ViewModel */ = {
			isa = PBXGroup;
			children = (
				8AD9D33D2BE6ADCA00D0CEE6 /* SideMenuOptionViewModel.swift */,
			);
			path = ViewModel;
			sourceTree = "<group>";
		};
		8AD9D33A2BE69EB300D0CEE6 /* Views */ = {
			isa = PBXGroup;
			children = (
				8AD9D33B2BE69ED600D0CEE6 /* SideMenuView.swift */,
				8AD9D33F2BE6AE9E00D0CEE6 /* SideMenuOptionView.swift */,
			);
			path = Views;
			sourceTree = "<group>";
		};
		8AD9D3412BE7B04200D0CEE6 /* Settings */ = {
			isa = PBXGroup;
			children = (
				8AD9D3432BE7B05B00D0CEE6 /* View */,
				8AD9D3422BE7B05300D0CEE6 /* ViewModel */,
			);
			path = Settings;
			sourceTree = "<group>";
		};
		8AD9D3422BE7B05300D0CEE6 /* ViewModel */ = {
			isa = PBXGroup;
			children = (
				8AD9D34A2BE7D1D400D0CEE6 /* SavedLocationViewModel.swift */,
			);
			path = ViewModel;
			sourceTree = "<group>";
		};
		8AD9D3432BE7B05B00D0CEE6 /* View */ = {
			isa = PBXGroup;
			children = (
				8AD9D3442BE7B07600D0CEE6 /* SettingsView.swift */,
			);
			path = View;
			sourceTree = "<group>";
		};
		8ADF1AAD2BE2649C00F0C67F /* Managers */ = {
			isa = PBXGroup;
			children = (
				8AD9D32D2BE638F900D0CEE6 /* AuthManager.swift */,
				8ADF1ABB2BE267B000F0C67F /* LocationManager.swift */,
			);
			path = Managers;
			sourceTree = "<group>";
		};
		8ADF1AAE2BE264B000F0C67F /* App */ = {
			isa = PBXGroup;
			children = (
				8AE46AB42BDCF8C1004A2F0F /* UberSwiftUICloneApp.swift */,
			);
			path = App;
			sourceTree = "<group>";
		};
		8ADF1AAF2BE264C400F0C67F /* Core */ = {
			isa = PBXGroup;
			children = (
				8ADF1AD92BE5398C00F0C67F /* Authentication */,
				8ADF1ABD2BE2700500F0C67F /* Home */,
				8ADF1ABE2BE2701900F0C67F /* LocationSearch */,
				8AD9D3412BE7B04200D0CEE6 /* Settings */,
				8AD9D3382BE69EA300D0CEE6 /* SideMenu */,
				8ADF1ACD2BE4099100F0C67F /* Trips */,
			);
			path = Core;
			sourceTree = "<group>";
		};
		8ADF1AB02BE264CB00F0C67F /* Extensions */ = {
			isa = PBXGroup;
			children = (
				8ADF1AD72BE52D4D00F0C67F /* Color.swift */,
				8ADF1AD32BE5143400F0C67F /* Double.swift */,
			);
			path = Extensions;
			sourceTree = "<group>";
		};
		8ADF1AB12BE264E000F0C67F /* Models */ = {
			isa = PBXGroup;
			children = (
				8ADF1ACB2BE3D62D00F0C67F /* MapViewState.swift */,
				8ADF1AD02BE4E6B200F0C67F /* RideType.swift */,
				8AD9D3522BE7EA7200D0CEE6 /* SavedLocation.swift */,
				8ADF1AD52BE51C7400F0C67F /* UberLocation.swift */,
				8AD9D3362BE65ECD00D0CEE6 /* User.swift */,
			);
			path = Models;
			sourceTree = "<group>";
		};
		8ADF1AB22BE2650500F0C67F /* ViewModels */ = {
			isa = PBXGroup;
			children = (
			);
			path = ViewModels;
			sourceTree = "<group>";
		};
		8ADF1AB32BE2650C00F0C67F /* Views */ = {
			isa = PBXGroup;
			children = (
				8ADF1AB52BE2652500F0C67F /* HomeView.swift */,
				8ADF1AB72BE265F100F0C67F /* UberMapViewRepresentable.swift */,
				8ADF1AC32BE276A500F0C67F /* MapViewActionButton.swift */,
			);
			path = Views;
			sourceTree = "<group>";
		};
		8ADF1ABD2BE2700500F0C67F /* Home */ = {
			isa = PBXGroup;
			children = (
				8ADF1AB32BE2650C00F0C67F /* Views */,
				8ADF1AB22BE2650500F0C67F /* ViewModels */,
			);
			path = Home;
			sourceTree = "<group>";
		};
		8ADF1ABE2BE2701900F0C67F /* LocationSearch */ = {
			isa = PBXGroup;
			children = (
				8ADF1AC02BE2702E00F0C67F /* ViewModel */,
				8ADF1ABF2BE2702400F0C67F /* Views */,
			);
			path = LocationSearch;
			sourceTree = "<group>";
		};
		8ADF1ABF2BE2702400F0C67F /* Views */ = {
			isa = PBXGroup;
			children = (
				8ADF1AC12BE2704700F0C67F /* LocationSearchActivationView.swift */,
				8ADF1AC72BE28B3300F0C67F /* LocationSearchResultCell.swift */,
				8ADF1AC52BE2779E00F0C67F /* LocationSearchView.swift */,
				8AD9D34C2BE7DD6C00D0CEE6 /* SavedLocationSearchView.swift */,
			);
			path = Views;
			sourceTree = "<group>";
		};
		8ADF1AC02BE2702E00F0C67F /* ViewModel */ = {
			isa = PBXGroup;
			children = (
				8ADF1AC92BE2C22600F0C67F /* LocationSearchViewModel.swift */,
			);
			path = ViewModel;
			sourceTree = "<group>";
		};
		8ADF1ACD2BE4099100F0C67F /* Trips */ = {
			isa = PBXGroup;
			children = (
				8ADF1ACE2BE409A800F0C67F /* RideRequestView.swift */,
			);
			path = Trips;
			sourceTree = "<group>";
		};
		8ADF1AD92BE5398C00F0C67F /* Authentication */ = {
			isa = PBXGroup;
			children = (
				8ADF1ADB2BE5399F00F0C67F /* ViewModels */,
				8ADF1ADA2BE5399800F0C67F /* Views */,
			);
			path = Authentication;
			sourceTree = "<group>";
		};
		8ADF1ADA2BE5399800F0C67F /* Views */ = {
			isa = PBXGroup;
			children = (
				8ADF1ADC2BE539B600F0C67F /* LoginView.swift */,
				8ADF1ADE2BE539C200F0C67F /* RegistrationView.swift */,
			);
			path = Views;
			sourceTree = "<group>";
		};
		8ADF1ADB2BE5399F00F0C67F /* ViewModels */ = {
			isa = PBXGroup;
			children = (
			);
			path = ViewModels;
			sourceTree = "<group>";
		};
		8AE46AA82BDCF8C1004A2F0F = {
			isa = PBXGroup;
			children = (
				8AE46AB32BDCF8C1004A2F0F /* UberSwiftUIClone */,
				8AE46AB22BDCF8C1004A2F0F /* Products */,
			);
			sourceTree = "<group>";
		};
		8AE46AB22BDCF8C1004A2F0F /* Products */ = {
			isa = PBXGroup;
			children = (
				8AE46AB12BDCF8C1004A2F0F /* UberSwiftUIClone.app */,
			);
			name = Products;
			sourceTree = "<group>";
		};
		8AE46AB32BDCF8C1004A2F0F /* UberSwiftUIClone */ = {
			isa = PBXGroup;
			children = (
				8ADF1AAE2BE264B000F0C67F /* App */,
				8AE46AB82BDCF8C3004A2F0F /* Assets.xcassets */,
				8ADF1AAF2BE264C400F0C67F /* Core */,
				8ADF1AB02BE264CB00F0C67F /* Extensions */,
				8AE46AC22BDCF9B5004A2F0F /* GoogleService-Info.plist */,
				8ADF1AAD2BE2649C00F0C67F /* Managers */,
				8ADF1AB12BE264E000F0C67F /* Models */,
				8AE46ABA2BDCF8C3004A2F0F /* Preview Content */,
				8AD9D32A2BE624F600D0CEE6 /* Reusable Items */,
				8AD9D32F2BE6429C00D0CEE6 /* Services */,
			);
			path = UberSwiftUIClone;
			sourceTree = "<group>";
		};
		8AE46ABA2BDCF8C3004A2F0F /* Preview Content */ = {
			isa = PBXGroup;
			children = (
				8AE46ABB2BDCF8C3004A2F0F /* Preview Assets.xcassets */,
			);
			path = "Preview Content";
			sourceTree = "<group>";
		};
/* End PBXGroup section */

/* Begin PBXNativeTarget section */
		8AE46AB02BDCF8C1004A2F0F /* UberSwiftUIClone */ = {
			isa = PBXNativeTarget;
			buildConfigurationList = 8AE46ABF2BDCF8C3004A2F0F /* Build configuration list for PBXNativeTarget "UberSwiftUIClone" */;
			buildPhases = (
				8AE46AAD2BDCF8C1004A2F0F /* Sources */,
				8AE46AAE2BDCF8C1004A2F0F /* Frameworks */,
				8AE46AAF2BDCF8C1004A2F0F /* Resources */,
			);
			buildRules = (
			);
			dependencies = (
			);
			name = UberSwiftUIClone;
			productName = UberSwiftUIClone;
			productReference = 8AE46AB12BDCF8C1004A2F0F /* UberSwiftUIClone.app */;
			productType = "com.apple.product-type.application";
		};
/* End PBXNativeTarget section */

/* Begin PBXProject section */
		8AE46AA92BDCF8C1004A2F0F /* Project object */ = {
			isa = PBXProject;
			attributes = {
				BuildIndependentTargetsInParallel = 1;
				LastSwiftUpdateCheck = 1530;
				LastUpgradeCheck = 1530;
				TargetAttributes = {
					8AE46AB02BDCF8C1004A2F0F = {
						CreatedOnToolsVersion = 15.3;
					};
				};
			};
			buildConfigurationList = 8AE46AAC2BDCF8C1004A2F0F /* Build configuration list for PBXProject "UberSwiftUIClone" */;
			compatibilityVersion = "Xcode 14.0";
			developmentRegion = en;
			hasScannedForEncodings = 0;
			knownRegions = (
				en,
				Base,
			);
			mainGroup = 8AE46AA82BDCF8C1004A2F0F;
			packageReferences = (
			);
			productRefGroup = 8AE46AB22BDCF8C1004A2F0F /* Products */;
			projectDirPath = "";
			projectRoot = "";
			targets = (
				8AE46AB02BDCF8C1004A2F0F /* UberSwiftUIClone */,
			);
		};
/* End PBXProject section */

/* Begin PBXResourcesBuildPhase section */
		8AE46AAF2BDCF8C1004A2F0F /* Resources */ = {
			isa = PBXResourcesBuildPhase;
			buildActionMask = 2147483647;
			files = (
				8AE46ABC2BDCF8C3004A2F0F /* Preview Assets.xcassets in Resources */,
				8AE46AB92BDCF8C3004A2F0F /* Assets.xcassets in Resources */,
				8AE46AC32BDCF9B5004A2F0F /* GoogleService-Info.plist in Resources */,
			);
			runOnlyForDeploymentPostprocessing = 0;
		};
/* End PBXResourcesBuildPhase section */

/* Begin PBXSourcesBuildPhase section */
		8AE46AAD2BDCF8C1004A2F0F /* Sources */ = {
			isa = PBXSourcesBuildPhase;
			buildActionMask = 2147483647;
			files = (
				8AD9D3472BE7B87500D0CEE6 /* SavedLocationRoad.swift in Sources */,
				8ADF1ACA2BE2C22600F0C67F /* LocationSearchViewModel.swift in Sources */,
				8ADF1AC62BE2779E00F0C67F /* LocationSearchView.swift in Sources */,
				8AD9D34B2BE7D1D400D0CEE6 /* SavedLocationViewModel.swift in Sources */,
				8AD9D3492BE7B9E200D0CEE6 /* SettingsRow.swift in Sources */,
				8ADF1ABC2BE267B000F0C67F /* LocationManager.swift in Sources */,
				8ADF1ACF2BE409A800F0C67F /* RideRequestView.swift in Sources */,
				8ADF1AD42BE5143400F0C67F /* Double.swift in Sources */,
				8ADF1ADF2BE539C200F0C67F /* RegistrationView.swift in Sources */,
				8AD9D3332BE6439600D0CEE6 /* AuthService.swift in Sources */,
				8AD9D3402BE6AE9E00D0CEE6 /* SideMenuOptionView.swift in Sources */,
				8AD9D32E2BE638FA00D0CEE6 /* AuthManager.swift in Sources */,
				8ADF1ACC2BE3D62D00F0C67F /* MapViewState.swift in Sources */,
				8ADF1AC42BE276A500F0C67F /* MapViewActionButton.swift in Sources */,
				8AE46AB52BDCF8C1004A2F0F /* UberSwiftUICloneApp.swift in Sources */,
				8ADF1AD82BE52D4D00F0C67F /* Color.swift in Sources */,
				8ADF1AB82BE265F100F0C67F /* UberMapViewRepresentable.swift in Sources */,
				8ADF1AC22BE2704700F0C67F /* LocationSearchActivationView.swift in Sources */,
				8AD9D3312BE642B600D0CEE6 /* AuthServiceProtocol.swift in Sources */,
				8AD9D33E2BE6ADCA00D0CEE6 /* SideMenuOptionViewModel.swift in Sources */,
				8AD9D3352BE643A000D0CEE6 /* MockAuthService.swift in Sources */,
				8ADF1AD62BE51C7400F0C67F /* UberLocation.swift in Sources */,
				8AD9D3532BE7EA7200D0CEE6 /* SavedLocation.swift in Sources */,
				8ADF1AB62BE2652500F0C67F /* HomeView.swift in Sources */,
				8AD9D3512BE7E69B00D0CEE6 /* LocationSearchResults.swift in Sources */,
				8AD9D33C2BE69ED600D0CEE6 /* SideMenuView.swift in Sources */,
				8AD9D3452BE7B07600D0CEE6 /* SettingsView.swift in Sources */,
				8ADF1AC82BE28B3300F0C67F /* LocationSearchResultCell.swift in Sources */,
				8ADF1ADD2BE539B600F0C67F /* LoginView.swift in Sources */,
				8AD9D32C2BE6252300D0CEE6 /* CustomInputField.swift in Sources */,
				8ADF1AD12BE4E6B200F0C67F /* RideType.swift in Sources */,
				8AD9D3372BE65ECD00D0CEE6 /* User.swift in Sources */,
				8AD9D34D2BE7DD6C00D0CEE6 /* SavedLocationSearchView.swift in Sources */,
			);
			runOnlyForDeploymentPostprocessing = 0;
		};
/* End PBXSourcesBuildPhase section */

/* Begin XCBuildConfiguration section */
		8AE46ABD2BDCF8C3004A2F0F /* Debug */ = {
			isa = XCBuildConfiguration;
			buildSettings = {
				ALWAYS_SEARCH_USER_PATHS = NO;
				ASSETCATALOG_COMPILER_GENERATE_SWIFT_ASSET_SYMBOL_EXTENSIONS = YES;
				CLANG_ANALYZER_NONNULL = YES;
				CLANG_ANALYZER_NUMBER_OBJECT_CONVERSION = YES_AGGRESSIVE;
				CLANG_CXX_LANGUAGE_STANDARD = "gnu++20";
				CLANG_ENABLE_MODULES = YES;
				CLANG_ENABLE_OBJC_ARC = YES;
				CLANG_ENABLE_OBJC_WEAK = YES;
				CLANG_WARN_BLOCK_CAPTURE_AUTORELEASING = YES;
				CLANG_WARN_BOOL_CONVERSION = YES;
				CLANG_WARN_COMMA = YES;
				CLANG_WARN_CONSTANT_CONVERSION = YES;
				CLANG_WARN_DEPRECATED_OBJC_IMPLEMENTATIONS = YES;
				CLANG_WARN_DIRECT_OBJC_ISA_USAGE = YES_ERROR;
				CLANG_WARN_DOCUMENTATION_COMMENTS = YES;
				CLANG_WARN_EMPTY_BODY = YES;
				CLANG_WARN_ENUM_CONVERSION = YES;
				CLANG_WARN_INFINITE_RECURSION = YES;
				CLANG_WARN_INT_CONVERSION = YES;
				CLANG_WARN_NON_LITERAL_NULL_CONVERSION = YES;
				CLANG_WARN_OBJC_IMPLICIT_RETAIN_SELF = YES;
				CLANG_WARN_OBJC_LITERAL_CONVERSION = YES;
				CLANG_WARN_OBJC_ROOT_CLASS = YES_ERROR;
				CLANG_WARN_QUOTED_INCLUDE_IN_FRAMEWORK_HEADER = YES;
				CLANG_WARN_RANGE_LOOP_ANALYSIS = YES;
				CLANG_WARN_STRICT_PROTOTYPES = YES;
				CLANG_WARN_SUSPICIOUS_MOVE = YES;
				CLANG_WARN_UNGUARDED_AVAILABILITY = YES_AGGRESSIVE;
				CLANG_WARN_UNREACHABLE_CODE = YES;
				CLANG_WARN__DUPLICATE_METHOD_MATCH = YES;
				COPY_PHASE_STRIP = NO;
				DEBUG_INFORMATION_FORMAT = dwarf;
				ENABLE_STRICT_OBJC_MSGSEND = YES;
				ENABLE_TESTABILITY = YES;
				ENABLE_USER_SCRIPT_SANDBOXING = YES;
				GCC_C_LANGUAGE_STANDARD = gnu17;
				GCC_DYNAMIC_NO_PIC = NO;
				GCC_NO_COMMON_BLOCKS = YES;
				GCC_OPTIMIZATION_LEVEL = 0;
				GCC_PREPROCESSOR_DEFINITIONS = (
					"DEBUG=1",
					"$(inherited)",
				);
				GCC_WARN_64_TO_32_BIT_CONVERSION = YES;
				GCC_WARN_ABOUT_RETURN_TYPE = YES_ERROR;
				GCC_WARN_UNDECLARED_SELECTOR = YES;
				GCC_WARN_UNINITIALIZED_AUTOS = YES_AGGRESSIVE;
				GCC_WARN_UNUSED_FUNCTION = YES;
				GCC_WARN_UNUSED_VARIABLE = YES;
				IPHONEOS_DEPLOYMENT_TARGET = 17.0;
				LOCALIZATION_PREFERS_STRING_CATALOGS = YES;
				MTL_ENABLE_DEBUG_INFO = INCLUDE_SOURCE;
				MTL_FAST_MATH = YES;
				ONLY_ACTIVE_ARCH = YES;
				SDKROOT = iphoneos;
				SWIFT_ACTIVE_COMPILATION_CONDITIONS = "DEBUG $(inherited)";
				SWIFT_OPTIMIZATION_LEVEL = "-Onone";
			};
			name = Debug;
		};
		8AE46ABE2BDCF8C3004A2F0F /* Release */ = {
			isa = XCBuildConfiguration;
			buildSettings = {
				ALWAYS_SEARCH_USER_PATHS = NO;
				ASSETCATALOG_COMPILER_GENERATE_SWIFT_ASSET_SYMBOL_EXTENSIONS = YES;
				CLANG_ANALYZER_NONNULL = YES;
				CLANG_ANALYZER_NUMBER_OBJECT_CONVERSION = YES_AGGRESSIVE;
				CLANG_CXX_LANGUAGE_STANDARD = "gnu++20";
				CLANG_ENABLE_MODULES = YES;
				CLANG_ENABLE_OBJC_ARC = YES;
				CLANG_ENABLE_OBJC_WEAK = YES;
				CLANG_WARN_BLOCK_CAPTURE_AUTORELEASING = YES;
				CLANG_WARN_BOOL_CONVERSION = YES;
				CLANG_WARN_COMMA = YES;
				CLANG_WARN_CONSTANT_CONVERSION = YES;
				CLANG_WARN_DEPRECATED_OBJC_IMPLEMENTATIONS = YES;
				CLANG_WARN_DIRECT_OBJC_ISA_USAGE = YES_ERROR;
				CLANG_WARN_DOCUMENTATION_COMMENTS = YES;
				CLANG_WARN_EMPTY_BODY = YES;
				CLANG_WARN_ENUM_CONVERSION = YES;
				CLANG_WARN_INFINITE_RECURSION = YES;
				CLANG_WARN_INT_CONVERSION = YES;
				CLANG_WARN_NON_LITERAL_NULL_CONVERSION = YES;
				CLANG_WARN_OBJC_IMPLICIT_RETAIN_SELF = YES;
				CLANG_WARN_OBJC_LITERAL_CONVERSION = YES;
				CLANG_WARN_OBJC_ROOT_CLASS = YES_ERROR;
				CLANG_WARN_QUOTED_INCLUDE_IN_FRAMEWORK_HEADER = YES;
				CLANG_WARN_RANGE_LOOP_ANALYSIS = YES;
				CLANG_WARN_STRICT_PROTOTYPES = YES;
				CLANG_WARN_SUSPICIOUS_MOVE = YES;
				CLANG_WARN_UNGUARDED_AVAILABILITY = YES_AGGRESSIVE;
				CLANG_WARN_UNREACHABLE_CODE = YES;
				CLANG_WARN__DUPLICATE_METHOD_MATCH = YES;
				COPY_PHASE_STRIP = NO;
				DEBUG_INFORMATION_FORMAT = "dwarf-with-dsym";
				ENABLE_NS_ASSERTIONS = NO;
				ENABLE_STRICT_OBJC_MSGSEND = YES;
				ENABLE_USER_SCRIPT_SANDBOXING = YES;
				GCC_C_LANGUAGE_STANDARD = gnu17;
				GCC_NO_COMMON_BLOCKS = YES;
				GCC_WARN_64_TO_32_BIT_CONVERSION = YES;
				GCC_WARN_ABOUT_RETURN_TYPE = YES_ERROR;
				GCC_WARN_UNDECLARED_SELECTOR = YES;
				GCC_WARN_UNINITIALIZED_AUTOS = YES_AGGRESSIVE;
				GCC_WARN_UNUSED_FUNCTION = YES;
				GCC_WARN_UNUSED_VARIABLE = YES;
				IPHONEOS_DEPLOYMENT_TARGET = 17.0;
				LOCALIZATION_PREFERS_STRING_CATALOGS = YES;
				MTL_ENABLE_DEBUG_INFO = NO;
				MTL_FAST_MATH = YES;
				SDKROOT = iphoneos;
				SWIFT_COMPILATION_MODE = wholemodule;
				VALIDATE_PRODUCT = YES;
			};
			name = Release;
		};
		8AE46AC02BDCF8C3004A2F0F /* Debug */ = {
			isa = XCBuildConfiguration;
			buildSettings = {
				ASSETCATALOG_COMPILER_APPICON_NAME = AppIcon;
				ASSETCATALOG_COMPILER_GLOBAL_ACCENT_COLOR_NAME = AccentColor;
				CODE_SIGN_STYLE = Automatic;
				CURRENT_PROJECT_VERSION = 1;
				DEVELOPMENT_ASSET_PATHS = "\"UberSwiftUIClone/Preview Content\"";
				ENABLE_PREVIEWS = YES;
				GENERATE_INFOPLIST_FILE = YES;
				INFOPLIST_KEY_NSLocationWhenInUseUsageDescription = "Please allow us to use your location to find a driver";
				INFOPLIST_KEY_UIApplicationSceneManifest_Generation = YES;
				INFOPLIST_KEY_UIApplicationSupportsIndirectInputEvents = YES;
				INFOPLIST_KEY_UILaunchScreen_Generation = YES;
				INFOPLIST_KEY_UISupportedInterfaceOrientations = UIInterfaceOrientationPortrait;
				INFOPLIST_KEY_UISupportedInterfaceOrientations_iPad = "UIInterfaceOrientationLandscapeLeft UIInterfaceOrientationLandscapeRight UIInterfaceOrientationPortrait UIInterfaceOrientationPortraitUpsideDown";
				LD_RUNPATH_SEARCH_PATHS = (
					"$(inherited)",
					"@executable_path/Frameworks",
				);
				MARKETING_VERSION = 1.0;
				PRODUCT_BUNDLE_IDENTIFIER = com.ua.UberSwiftUIClone;
				PRODUCT_NAME = "$(TARGET_NAME)";
				SUPPORTED_PLATFORMS = "iphoneos iphonesimulator";
				SUPPORTS_MACCATALYST = NO;
				SUPPORTS_MAC_DESIGNED_FOR_IPHONE_IPAD = NO;
				SUPPORTS_XR_DESIGNED_FOR_IPHONE_IPAD = NO;
				SWIFT_EMIT_LOC_STRINGS = YES;
				SWIFT_VERSION = 5.0;
				TARGETED_DEVICE_FAMILY = 1;
			};
			name = Debug;
		};
		8AE46AC12BDCF8C3004A2F0F /* Release */ = {
			isa = XCBuildConfiguration;
			buildSettings = {
				ASSETCATALOG_COMPILER_APPICON_NAME = AppIcon;
				ASSETCATALOG_COMPILER_GLOBAL_ACCENT_COLOR_NAME = AccentColor;
				CODE_SIGN_STYLE = Automatic;
				CURRENT_PROJECT_VERSION = 1;
				DEVELOPMENT_ASSET_PATHS = "\"UberSwiftUIClone/Preview Content\"";
				ENABLE_PREVIEWS = YES;
				GENERATE_INFOPLIST_FILE = YES;
				INFOPLIST_KEY_NSLocationWhenInUseUsageDescription = "Please allow us to use your location to find a driver";
				INFOPLIST_KEY_UIApplicationSceneManifest_Generation = YES;
				INFOPLIST_KEY_UIApplicationSupportsIndirectInputEvents = YES;
				INFOPLIST_KEY_UILaunchScreen_Generation = YES;
				INFOPLIST_KEY_UISupportedInterfaceOrientations = UIInterfaceOrientationPortrait;
				INFOPLIST_KEY_UISupportedInterfaceOrientations_iPad = "UIInterfaceOrientationLandscapeLeft UIInterfaceOrientationLandscapeRight UIInterfaceOrientationPortrait UIInterfaceOrientationPortraitUpsideDown";
				LD_RUNPATH_SEARCH_PATHS = (
					"$(inherited)",
					"@executable_path/Frameworks",
				);
				MARKETING_VERSION = 1.0;
				PRODUCT_BUNDLE_IDENTIFIER = com.ua.UberSwiftUIClone;
				PRODUCT_NAME = "$(TARGET_NAME)";
				SUPPORTED_PLATFORMS = "iphoneos iphonesimulator";
				SUPPORTS_MACCATALYST = NO;
				SUPPORTS_MAC_DESIGNED_FOR_IPHONE_IPAD = NO;
				SUPPORTS_XR_DESIGNED_FOR_IPHONE_IPAD = NO;
				SWIFT_EMIT_LOC_STRINGS = YES;
				SWIFT_VERSION = 5.0;
				TARGETED_DEVICE_FAMILY = 1;
			};
			name = Release;
		};
/* End XCBuildConfiguration section */

/* Begin XCConfigurationList section */
		8AE46AAC2BDCF8C1004A2F0F /* Build configuration list for PBXProject "UberSwiftUIClone" */ = {
			isa = XCConfigurationList;
			buildConfigurations = (
				8AE46ABD2BDCF8C3004A2F0F /* Debug */,
				8AE46ABE2BDCF8C3004A2F0F /* Release */,
			);
			defaultConfigurationIsVisible = 0;
			defaultConfigurationName = Release;
		};
		8AE46ABF2BDCF8C3004A2F0F /* Build configuration list for PBXNativeTarget "UberSwiftUIClone" */ = {
			isa = XCConfigurationList;
			buildConfigurations = (
				8AE46AC02BDCF8C3004A2F0F /* Debug */,
				8AE46AC12BDCF8C3004A2F0F /* Release */,
			);
			defaultConfigurationIsVisible = 0;
			defaultConfigurationName = Release;
		};
/* End XCConfigurationList section */
	};
	rootObject = 8AE46AA92BDCF8C1004A2F0F /* Project object */;
}
